// !$*UTF8*$!
{
	archiveVersion = 1;
	classes = {
	};
	objectVersion = 46;
	objects = {

/* Begin PBXBuildFile section */
		0FAB08751ACAD5CC006A97B2 /* main.m in Sources */ = {isa = PBXBuildFile; fileRef = 0FAB08741ACAD5CC006A97B2 /* main.m */; };
		0FAB08781ACAD5CC006A97B2 /* AppDelegate.m in Sources */ = {isa = PBXBuildFile; fileRef = 0FAB08771ACAD5CC006A97B2 /* AppDelegate.m */; };
		0FAB087B1ACAD5CC006A97B2 /* ViewController.m in Sources */ = {isa = PBXBuildFile; fileRef = 0FAB087A1ACAD5CC006A97B2 /* ViewController.m */; };
		0FAB087E1ACAD5CC006A97B2 /* Main.storyboard in Resources */ = {isa = PBXBuildFile; fileRef = 0FAB087C1ACAD5CC006A97B2 /* Main.storyboard */; };
		0FAB08801ACAD5CC006A97B2 /* Images.xcassets in Resources */ = {isa = PBXBuildFile; fileRef = 0FAB087F1ACAD5CC006A97B2 /* Images.xcassets */; };
		0FAB08831ACAD5CC006A97B2 /* LaunchScreen.xib in Resources */ = {isa = PBXBuildFile; fileRef = 0FAB08811ACAD5CC006A97B2 /* LaunchScreen.xib */; };
		0FAB088F1ACAD5CC006A97B2 /* iOSDinerTests.m in Sources */ = {isa = PBXBuildFile; fileRef = 0FAB088E1ACAD5CC006A97B2 /* iOSDinerTests.m */; };
/* End PBXBuildFile section */

/* Begin PBXContainerItemProxy section */
		0FAB08891ACAD5CC006A97B2 /* PBXContainerItemProxy */ = {
			isa = PBXContainerItemProxy;
			containerPortal = 0FAB08671ACAD5CC006A97B2 /* Project object */;
			proxyType = 1;
			remoteGlobalIDString = 0FAB086E1ACAD5CC006A97B2;
			remoteInfo = iOSDiner;
		};
/* End PBXContainerItemProxy section */

/* Begin PBXFileReference section */
		0FAB086F1ACAD5CC006A97B2 /* iOSDiner.app */ = {isa = PBXFileReference; explicitFileType = wrapper.application; includeInIndex = 0; path = iOSDiner.app; sourceTree = BUILT_PRODUCTS_DIR; };
		0FAB08731ACAD5CC006A97B2 /* Info.plist */ = {isa = PBXFileReference; lastKnownFileType = text.plist.xml; path = Info.plist; sourceTree = "<group>"; };
		0FAB08741ACAD5CC006A97B2 /* main.m */ = {isa = PBXFileReference; lastKnownFileType = sourcecode.c.objc; path = main.m; sourceTree = "<group>"; };
		0FAB08761ACAD5CC006A97B2 /* AppDelegate.h */ = {isa = PBXFileReference; lastKnownFileType = sourcecode.c.h; path = AppDelegate.h; sourceTree = "<group>"; };
		0FAB08771ACAD5CC006A97B2 /* AppDelegate.m */ = {isa = PBXFileReference; lastKnownFileType = sourcecode.c.objc; path = AppDelegate.m; sourceTree = "<group>"; };
		0FAB08791ACAD5CC006A97B2 /* ViewController.h */ = {isa = PBXFileReference; lastKnownFileType = sourcecode.c.h; path = ViewController.h; sourceTree = "<group>"; };
		0FAB087A1ACAD5CC006A97B2 /* ViewController.m */ = {isa = PBXFileReference; lastKnownFileType = sourcecode.c.objc; path = ViewController.m; sourceTree = "<group>"; };
		0FAB087D1ACAD5CC006A97B2 /* Base */ = {isa = PBXFileReference; lastKnownFileType = file.storyboard; name = Base; path = Base.lproj/Main.storyboard; sourceTree = "<group>"; };
		0FAB087F1ACAD5CC006A97B2 /* Images.xcassets */ = {isa = PBXFileReference; lastKnownFileType = folder.assetcatalog; path = Images.xcassets; sourceTree = "<group>"; };
		0FAB08821ACAD5CC006A97B2 /* Base */ = {isa = PBXFileReference; lastKnownFileType = file.xib; name = Base; path = Base.lproj/LaunchScreen.xib; sourceTree = "<group>"; };
		0FAB08881ACAD5CC006A97B2 /* iOSDinerTests.xctest */ = {isa = PBXFileReference; explicitFileType = wrapper.cfbundle; includeInIndex = 0; path = iOSDinerTests.xctest; sourceTree = BUILT_PRODUCTS_DIR; };
		0FAB088D1ACAD5CC006A97B2 /* Info.plist */ = {isa = PBXFileReference; lastKnownFileType = text.plist.xml; path = Info.plist; sourceTree = "<group>"; };
		0FAB088E1ACAD5CC006A97B2 /* iOSDinerTests.m */ = {isa = PBXFileReference; lastKnownFileType = sourcecode.c.objc; path = iOSDinerTests.m; sourceTree = "<group>"; };
/* End PBXFileReference section */

/* Begin PBXFrameworksBuildPhase section */
		0FAB086C1ACAD5CC006A97B2 /* Frameworks */ = {
			isa = PBXFrameworksBuildPhase;
			buildActionMask = 2147483647;
			files = (
			);
			runOnlyForDeploymentPostprocessing = 0;
		};
		0FAB08851ACAD5CC006A97B2 /* Frameworks */ = {
			isa = PBXFrameworksBuildPhase;
			buildActionMask = 2147483647;
			files = (
			);
			runOnlyForDeploymentPostprocessing = 0;
		};
/* End PBXFrameworksBuildPhase section */

/* Begin PBXGroup section */
		0FAB08661ACAD5CC006A97B2 = {
			isa = PBXGroup;
			children = (
				0FAB08711ACAD5CC006A97B2 /* iOSDiner */,
				0FAB088B1ACAD5CC006A97B2 /* iOSDinerTests */,
				0FAB08701ACAD5CC006A97B2 /* Products */,
			);
			sourceTree = "<group>";
		};
		0FAB08701ACAD5CC006A97B2 /* Products */ = {
			isa = PBXGroup;
			children = (
				0FAB086F1ACAD5CC006A97B2 /* iOSDiner.app */,
				0FAB08881ACAD5CC006A97B2 /* iOSDinerTests.xctest */,
			);
			name = Products;
			sourceTree = "<group>";
		};
		0FAB08711ACAD5CC006A97B2 /* iOSDiner */ = {
			isa = PBXGroup;
			children = (
				0FAB08761ACAD5CC006A97B2 /* AppDelegate.h */,
				0FAB08771ACAD5CC006A97B2 /* AppDelegate.m */,
				0FAB08791ACAD5CC006A97B2 /* ViewController.h */,
				0FAB087A1ACAD5CC006A97B2 /* ViewController.m */,
				0FAB087C1ACAD5CC006A97B2 /* Main.storyboard */,
				0FAB087F1ACAD5CC006A97B2 /* Images.xcassets */,
				0FAB08811ACAD5CC006A97B2 /* LaunchScreen.xib */,
				0FAB08721ACAD5CC006A97B2 /* Supporting Files */,
			);
			path = iOSDiner;
			sourceTree = "<group>";
		};
		0FAB08721ACAD5CC006A97B2 /* Supporting Files */ = {
			isa = PBXGroup;
			children = (
				0FAB08731ACAD5CC006A97B2 /* Info.plist */,
				0FAB08741ACAD5CC006A97B2 /* main.m */,
			);
			name = "Supporting Files";
			sourceTree = "<group>";
		};
		0FAB088B1ACAD5CC006A97B2 /* iOSDinerTests */ = {
			isa = PBXGroup;
			children = (
				0FAB088E1ACAD5CC006A97B2 /* iOSDinerTests.m */,
				0FAB088C1ACAD5CC006A97B2 /* Supporting Files */,
			);
			path = iOSDinerTests;
			sourceTree = "<group>";
		};
		0FAB088C1ACAD5CC006A97B2 /* Supporting Files */ = {
			isa = PBXGroup;
			children = (
				0FAB088D1ACAD5CC006A97B2 /* Info.plist */,
			);
			name = "Supporting Files";
			sourceTree = "<group>";
		};
/* End PBXGroup section */

/* Begin PBXNativeTarget section */
		0FAB086E1ACAD5CC006A97B2 /* iOSDiner */ = {
			isa = PBXNativeTarget;
			buildConfigurationList = 0FAB08921ACAD5CC006A97B2 /* Build configuration list for PBXNativeTarget "iOSDiner" */;
			buildPhases = (
				0FAB086B1ACAD5CC006A97B2 /* Sources */,
				0FAB086C1ACAD5CC006A97B2 /* Frameworks */,
				0FAB086D1ACAD5CC006A97B2 /* Resources */,
			);
			buildRules = (
			);
			dependencies = (
			);
			name = iOSDiner;
			productName = iOSDiner;
			productReference = 0FAB086F1ACAD5CC006A97B2 /* iOSDiner.app */;
			productType = "com.apple.product-type.application";
		};
		0FAB08871ACAD5CC006A97B2 /* iOSDinerTests */ = {
			isa = PBXNativeTarget;
			buildConfigurationList = 0FAB08951ACAD5CC006A97B2 /* Build configuration list for PBXNativeTarget "iOSDinerTests" */;
			buildPhases = (
				0FAB08841ACAD5CC006A97B2 /* Sources */,
				0FAB08851ACAD5CC006A97B2 /* Frameworks */,
				0FAB08861ACAD5CC006A97B2 /* Resources */,
			);
			buildRules = (
			);
			dependencies = (
				0FAB088A1ACAD5CC006A97B2 /* PBXTargetDependency */,
			);
			name = iOSDinerTests;
			productName = iOSDinerTests;
			productReference = 0FAB08881ACAD5CC006A97B2 /* iOSDinerTests.xctest */;
			productType = "com.apple.product-type.bundle.unit-test";
		};
/* End PBXNativeTarget section */

/* Begin PBXProject section */
		0FAB08671ACAD5CC006A97B2 /* Project object */ = {
			isa = PBXProject;
			attributes = {
				LastUpgradeCheck = 0610;
				ORGANIZATIONNAME = "於程鹏";
				TargetAttributes = {
					0FAB086E1ACAD5CC006A97B2 = {
						CreatedOnToolsVersion = 6.1.1;
					};
					0FAB08871ACAD5CC006A97B2 = {
						CreatedOnToolsVersion = 6.1.1;
						TestTargetID = 0FAB086E1ACAD5CC006A97B2;
					};
				};
			};
			buildConfigurationList = 0FAB086A1ACAD5CC006A97B2 /* Build configuration list for PBXProject "iOSDiner" */;
			compatibilityVersion = "Xcode 3.2";
			developmentRegion = English;
			hasScannedForEncodings = 0;
			knownRegions = (
				en,
				Base,
			);
			mainGroup = 0FAB08661ACAD5CC006A97B2;
			productRefGroup = 0FAB08701ACAD5CC006A97B2 /* Products */;
			projectDirPath = "";
			projectRoot = "";
			targets = (
				0FAB086E1ACAD5CC006A97B2 /* iOSDiner */,
				0FAB08871ACAD5CC006A97B2 /* iOSDinerTests */,
			);
		};
/* End PBXProject section */

/* Begin PBXResourcesBuildPhase section */
		0FAB086D1ACAD5CC006A97B2 /* Resources */ = {
			isa = PBXResourcesBuildPhase;
			buildActionMask = 2147483647;
			files = (
				0FAB087E1ACAD5CC006A97B2 /* Main.storyboard in Resources */,
				0FAB08831ACAD5CC006A97B2 /* LaunchScreen.xib in Resources */,
				0FAB08801ACAD5CC006A97B2 /* Images.xcassets in Resources */,
			);
			runOnlyForDeploymentPostprocessing = 0;
		};
		0FAB08861ACAD5CC006A97B2 /* Resources */ = {
			isa = PBXResourcesBuildPhase;
			buildActionMask = 2147483647;
			files = (
			);
			runOnlyForDeploymentPostprocessing = 0;
		};
/* End PBXResourcesBuildPhase section */

/* Begin PBXSourcesBuildPhase section */
		0FAB086B1ACAD5CC006A97B2 /* Sources */ = {
			isa = PBXSourcesBuildPhase;
			buildActionMask = 2147483647;
			files = (
				0FAB087B1ACAD5CC006A97B2 /* ViewController.m in Sources */,
				0FAB08781ACAD5CC006A97B2 /* AppDelegate.m in Sources */,
				0FAB08751ACAD5CC006A97B2 /* main.m in Sources */,
			);
			runOnlyForDeploymentPostprocessing = 0;
		};
		0FAB08841ACAD5CC006A97B2 /* Sources */ = {
			isa = PBXSourcesBuildPhase;
			buildActionMask = 2147483647;
			files = (
				0FAB088F1ACAD5CC006A97B2 /* iOSDinerTests.m in Sources */,
			);
			runOnlyForDeploymentPostprocessing = 0;
		};
/* End PBXSourcesBuildPhase section */

/* Begin PBXTargetDependency section */
		0FAB088A1ACAD5CC006A97B2 /* PBXTargetDependency */ = {
			isa = PBXTargetDependency;
			target = 0FAB086E1ACAD5CC006A97B2 /* iOSDiner */;
			targetProxy = 0FAB08891ACAD5CC006A97B2 /* PBXContainerItemProxy */;
		};
/* End PBXTargetDependency section */

/* Begin PBXVariantGroup section */
		0FAB087C1ACAD5CC006A97B2 /* Main.storyboard */ = {
			isa = PBXVariantGroup;
			children = (
				0FAB087D1ACAD5CC006A97B2 /* Base */,
			);
			name = Main.storyboard;
			sourceTree = "<group>";
		};
		0FAB08811ACAD5CC006A97B2 /* LaunchScreen.xib */ = {
			isa = PBXVariantGroup;
			children = (
				0FAB08821ACAD5CC006A97B2 /* Base */,
			);
			name = LaunchScreen.xib;
			sourceTree = "<group>";
		};
/* End PBXVariantGroup section */

/* Begin XCBuildConfiguration section */
		0FAB08901ACAD5CC006A97B2 /* Debug */ = {
			isa = XCBuildConfiguration;
			buildSettings = {
				ALWAYS_SEARCH_USER_PATHS = NO;
				CLANG_CXX_LANGUAGE_STANDARD = "gnu++0x";
				CLANG_CXX_LIBRARY = "libc++";
				CLANG_ENABLE_MODULES = YES;
				CLANG_ENABLE_OBJC_ARC = YES;
				CLANG_WARN_BOOL_CONVERSION = YES;
				CLANG_WARN_CONSTANT_CONVERSION = YES;
				CLANG_WARN_DIRECT_OBJC_ISA_USAGE = YES_ERROR;
				CLANG_WARN_EMPTY_BODY = YES;
				CLANG_WARN_ENUM_CONVERSION = YES;
				CLANG_WARN_INT_CONVERSION = YES;
				CLANG_WARN_OBJC_ROOT_CLASS = YES_ERROR;
				CLANG_WARN_UNREACHABLE_CODE = YES;
				CLANG_WARN__DUPLICATE_METHOD_MATCH = YES;
				"CODE_SIGN_IDENTITY[sdk=iphoneos*]" = "iPhone Developer";
				COPY_PHASE_STRIP = NO;
				ENABLE_STRICT_OBJC_MSGSEND = YES;
				GCC_C_LANGUAGE_STANDARD = gnu99;
				GCC_DYNAMIC_NO_PIC = NO;
				GCC_OPTIMIZATION_LEVEL = 0;
				GCC_PREPROCESSOR_DEFINITIONS = (
					"DEBUG=1",
					"$(inherited)",
				);
				GCC_SYMBOLS_PRIVATE_EXTERN = NO;
				GCC_WARN_64_TO_32_BIT_CONVERSION = YES;
				GCC_WARN_ABOUT_RETURN_TYPE = YES_ERROR;
				GCC_WARN_UNDECLARED_SELECTOR = YES;
				GCC_WARN_UNINITIALIZED_AUTOS = YES_AGGRESSIVE;
				GCC_WARN_UNUSED_FUNCTION = YES;
				GCC_WARN_UNUSED_VARIABLE = YES;
				IPHONEOS_DEPLOYMENT_TARGET = 8.1;
				MTL_ENABLE_DEBUG_INFO = YES;
				ONLY_ACTIVE_ARCH = YES;
				SDKROOT = iphoneos;
			};
			name = Debug;
		};
		0FAB08911ACAD5CC006A97B2 /* Release */ = {
			isa = XCBuildConfiguration;
			buildSettings = {
				ALWAYS_SEARCH_USER_PATHS = NO;
				CLANG_CXX_LANGUAGE_STANDARD = "gnu++0x";
				CLANG_CXX_LIBRARY = "libc++";
				CLANG_ENABLE_MODULES = YES;
				CLANG_ENABLE_OBJC_ARC = YES;
				CLANG_WARN_BOOL_CONVERSION = YES;
				CLANG_WARN_CONSTANT_CONVERSION = YES;
				CLANG_WARN_DIRECT_OBJC_ISA_USAGE = YES_ERROR;
				CLANG_WARN_EMPTY_BODY = YES;
				CLANG_WARN_ENUM_CONVERSION = YES;
				CLANG_WARN_INT_CONVERSION = YES;
				CLANG_WARN_OBJC_ROOT_CLASS = YES_ERROR;
				CLANG_WARN_UNREACHABLE_CODE = YES;
				CLANG_WARN__DUPLICATE_METHOD_MATCH = YES;
				"CODE_SIGN_IDENTITY[sdk=iphoneos*]" = "iPhone Developer";
				COPY_PHASE_STRIP = YES;
				ENABLE_NS_ASSERTIONS = NO;
				ENABLE_STRICT_OBJC_MSGSEND = YES;
				GCC_C_LANGUAGE_STANDARD = gnu99;
				GCC_WARN_64_TO_32_BIT_CONVERSION = YES;
				GCC_WARN_ABOUT_RETURN_TYPE = YES_ERROR;
				GCC_WARN_UNDECLARED_SELECTOR = YES;
				GCC_WARN_UNINITIALIZED_AUTOS = YES_AGGRESSIVE;
				GCC_WARN_UNUSED_FUNCTION = YES;
				GCC_WARN_UNUSED_VARIABLE = YES;
				IPHONEOS_DEPLOYMENT_TARGET = 8.1;
				MTL_ENABLE_DEBUG_INFO = NO;
				SDKROOT = iphoneos;
				VALIDATE_PRODUCT = YES;
			};
			name = Release;
		};
		0FAB08931ACAD5CC006A97B2 /* Debug */ = {
			isa = XCBuildConfiguration;
			buildSettings = {
				ASSETCATALOG_COMPILER_APPICON_NAME = AppIcon;
				INFOPLIST_FILE = iOSDiner/Info.plist;
				LD_RUNPATH_SEARCH_PATHS = "$(inherited) @executable_path/Frameworks";
				PRODUCT_NAME = "$(TARGET_NAME)";
			};
			name = Debug;
		};
		0FAB08941ACAD5CC006A97B2 /* Release */ = {
			isa = XCBuildConfiguration;
			buildSettings = {
				ASSETCATALOG_COMPILER_APPICON_NAME = AppIcon;
				INFOPLIST_FILE = iOSDiner/Info.plist;
				LD_RUNPATH_SEARCH_PATHS = "$(inherited) @executable_path/Frameworks";
				PRODUCT_NAME = "$(TARGET_NAME)";
			};
			name = Release;
		};
		0FAB08961ACAD5CC006A97B2 /* Debug */ = {
			isa = XCBuildConfiguration;
			buildSettings = {
				BUNDLE_LOADER = "$(TEST_HOST)";
				FRAMEWORK_SEARCH_PATHS = (
					"$(SDKROOT)/Developer/Library/Frameworks",
					"$(inherited)",
				);
				GCC_PREPROCESSOR_DEFINITIONS = (
					"DEBUG=1",
					"$(inherited)",
				);
				INFOPLIST_FILE = iOSDinerTests/Info.plist;
				LD_RUNPATH_SEARCH_PATHS = "$(inherited) @executable_path/Frameworks @loader_path/Frameworks";
				PRODUCT_NAME = "$(TARGET_NAME)";
				TEST_HOST = "$(BUILT_PRODUCTS_DIR)/iOSDiner.app/iOSDiner";
			};
			name = Debug;
		};
		0FAB08971ACAD5CC006A97B2 /* Release */ = {
			isa = XCBuildConfiguration;
			buildSettings = {
				BUNDLE_LOADER = "$(TEST_HOST)";
				FRAMEWORK_SEARCH_PATHS = (
					"$(SDKROOT)/Developer/Library/Frameworks",
					"$(inherited)",
				);
				INFOPLIST_FILE = iOSDinerTests/Info.plist;
				LD_RUNPATH_SEARCH_PATHS = "$(inherited) @executable_path/Frameworks @loader_path/Frameworks";
				PRODUCT_NAME = "$(TARGET_NAME)";
				TEST_HOST = "$(BUILT_PRODUCTS_DIR)/iOSDiner.app/iOSDiner";
			};
			name = Release;
		};
/* End XCBuildConfiguration section */

/* Begin XCConfigurationList section */
		0FAB086A1ACAD5CC006A97B2 /* Build configuration list for PBXProject "iOSDiner" */ = {
			isa = XCConfigurationList;
			buildConfigurations = (
				0FAB08901ACAD5CC006A97B2 /* Debug */,
				0FAB08911ACAD5CC006A97B2 /* Release */,
			);
			defaultConfigurationIsVisible = 0;
			defaultConfigurationName = Release;
		};
		0FAB08921ACAD5CC006A97B2 /* Build configuration list for PBXNativeTarget "iOSDiner" */ = {
			isa = XCConfigurationList;
			buildConfigurations = (
				0FAB08931ACAD5CC006A97B2 /* Debug */,
				0FAB08941ACAD5CC006A97B2 /* Release */,
			);
			defaultConfigurationIsVisible = 0;
		};
		0FAB08951ACAD5CC006A97B2 /* Build configuration list for PBXNativeTarget "iOSDinerTests" */ = {
			isa = XCConfigurationList;
			buildConfigurations = (
				0FAB08961ACAD5CC006A97B2 /* Debug */,
				0FAB08971ACAD5CC006A97B2 /* Release */,
			);
			defaultConfigurationIsVisible = 0;
		};
/* End XCConfigurationList section */
	};
	rootObject = 0FAB08671ACAD5CC006A97B2 /* Project object */;
}
